
Microsoft Visual Studio Solution File, Format Version 12.00
# Visual Studio 15
VisualStudioVersion = 15.0.28307.106
MinimumVisualStudioVersion = 10.0.40219.1
Project("{9A19103F-16F7-4668-BE54-9A1E7A4F7556}") = "VTWSCLib", "src\VTWSCLib.csproj", "{3CAA86E8-645C-443C-9D6F-C4CA3E578704}"
EndProject
Project("{FAE04EC0-301F-11D3-BF4B-00C04F79EFBC}") = "ConsoleApp1", "..\..\..\..\Desktop\ConsoleApp1\ConsoleApp1.csproj", "{78D7F6FF-76CD-45C5-B23B-024C2A31C928}"
EndProject
Global
	GlobalSection(SolutionConfigurationPlatforms) = preSolution
		Debug|Any CPU = Debug|Any CPU
		Release|Any CPU = Release|Any CPU
	EndGlobalSection
	GlobalSection(ProjectConfigurationPlatforms) = postSolution
		{3CAA86E8-645C-443C-9D6F-C4CA3E578704}.Debug|Any CPU.ActiveCfg = Debug|Any CPU
		{3CAA86E8-645C-443C-9D6F-C4CA3E578704}.Debug|Any CPU.Build.0 = Debug|Any CPU
		{3CAA86E8-645C-443C-9D6F-C4CA3E578704}.Release|Any CPU.ActiveCfg = Release|Any CPU
		{3CAA86E8-645C-443C-9D6F-C4CA3E578704}.Release|Any CPU.Build.0 = Release|Any CPU
		{78D7F6FF-76CD-45C5-B23B-024C2A31C928}.Debug|Any CPU.ActiveCfg = Debug|Any CPU
		{78D7F6FF-76CD-45C5-B23B-024C2A31C928}.Debug|Any CPU.Build.0 = Debug|Any CPU
		{78D7F6FF-76CD-45C5-B23B-024C2A31C928}.Release|Any CPU.ActiveCfg = Release|Any CPU
		{78D7F6FF-76CD-45C5-B23B-024C2A31C928}.Release|Any CPU.Build.0 = Release|Any CPU
	EndGlobalSection
	GlobalSection(SolutionProperties) = preSolution
		HideSolutionNode = FALSE
	EndGlobalSection
	GlobalSection(ExtensibilityGlobals) = postSolution
		SolutionGuid = {14AC7A42-533E-41C0-970B-6A122B444A8C}
	EndGlobalSection
EndGlobal
