Microsoft Visual Studio Solution File, Format Version 12.00
# Visual Studio Version 16
VisualStudioVersion = 16.0.29519.161
MinimumVisualStudioVersion = 10.0.40219.1
Project("{2150E333-8FDC-42A3-9474-1A3956D46DE8}") = "Solution Items", "Solution Items", "{655587BD-BEA8-4DA6-9191-620164E0E8FF}"
	ProjectSection(SolutionItems) = preProject
		.gitignore = .gitignore
		LICENSE = LICENSE
		README.md = README.md
	EndProjectSection
EndProject
Project("{9A19103F-16F7-4668-BE54-9A1E7A4F7556}") = "vTiger.WebService.Tests", "tests\vTiger.WebService.Tests.csproj", "{DE00BC3B-922F-422B-BA9D-EAE0D40107AB}"
EndProject
Project("{9A19103F-16F7-4668-BE54-9A1E7A4F7556}") = "vTiger.WebService.Client", "src\vTiger.WebService.Client.csproj", "{C3F6A568-90D6-440E-BFAC-980ACED5AEEB}"
EndProject
Global
	GlobalSection(SolutionConfigurationPlatforms) = preSolution
		Debug|Any CPU = Debug|Any CPU
		Release|Any CPU = Release|Any CPU
	EndGlobalSection
	GlobalSection(ProjectConfigurationPlatforms) = postSolution
		{DE00BC3B-922F-422B-BA9D-EAE0D40107AB}.Debug|Any CPU.ActiveCfg = Debug|Any CPU
		{DE00BC3B-922F-422B-BA9D-EAE0D40107AB}.Debug|Any CPU.Build.0 = Debug|Any CPU
		{DE00BC3B-922F-422B-BA9D-EAE0D40107AB}.Release|Any CPU.ActiveCfg = Release|Any CPU
		{DE00BC3B-922F-422B-BA9D-EAE0D40107AB}.Release|Any CPU.Build.0 = Release|Any CPU
		{C3F6A568-90D6-440E-BFAC-980ACED5AEEB}.Debug|Any CPU.ActiveCfg = Debug|Any CPU
		{C3F6A568-90D6-440E-BFAC-980ACED5AEEB}.Debug|Any CPU.Build.0 = Debug|Any CPU
		{C3F6A568-90D6-440E-BFAC-980ACED5AEEB}.Release|Any CPU.ActiveCfg = Release|Any CPU
		{C3F6A568-90D6-440E-BFAC-980ACED5AEEB}.Release|Any CPU.Build.0 = Release|Any CPU
	EndGlobalSection
	GlobalSection(SolutionProperties) = preSolution
		HideSolutionNode = FALSE
	EndGlobalSection
	GlobalSection(ExtensibilityGlobals) = postSolution
		SolutionGuid = {14AC7A42-533E-41C0-970B-6A122B444A8C}
	EndGlobalSection
EndGlobal
